github.com/franela/goblin v0.0.0-20211003143422-0a4f594942bf h1:NrF81UtW8gG2LBGkXFQFqlfNnvMt9WdB46sfdJY4oqc=
github.com/franela/goblin v0.0.0-20211003143422-0a4f594942bf/go.mod h1:VzmDKDJVZI3aJmnRI9VjAn9nJ8qPPsN1fqzr9dqInIo=
github.com/tidwall/jsonc v0.3.2 h1:ZTKrmejRlAJYdn0kcaFqRAKlxxFIC21pYq8vLa4p2Wc=
github.com/tidwall/jsonc v0.3.2/go.mod h1:dw+3CIxqHi+t8eFSpzzMlcVYxKp08UP5CD8/uSFCyJE=
golang.org/x/sys v0.0.0-20220829200755-d48e67d00261 h1:v6hYoSR9T5oet+pMXwUWkbiVqx/63mlHjefrHmxwfeY=
golang.org/x/sys v0.0.0-20220829200755-d48e67d00261/go.mod h1:oPkhp1MJrh7nUepCBck5+mAzfO9JrbApNNgaTdGDITg=
